
Microsoft Visual Studio Solution File, Format Version 12.00
# Visual Studio Version 17
VisualStudioVersion = 17.10.35013.160
MinimumVisualStudioVersion = 10.0.40219.1
Project("{FAE04EC0-301F-11D3-BF4B-00C04F79EFBC}") = "Lista RNA", "Lista RNA\Lista RNA.csproj", "{1DEC8668-980B-4CED-BCDF-44BCA8D19776}"
EndProject
Global
	GlobalSection(SolutionConfigurationPlatforms) = preSolution
		Debug|Any CPU = Debug|Any CPU
		Release|Any CPU = Release|Any CPU
	EndGlobalSection
	GlobalSection(ProjectConfigurationPlatforms) = postSolution
		{1DEC8668-980B-4CED-BCDF-44BCA8D19776}.Debug|Any CPU.ActiveCfg = Debug|Any CPU
		{1DEC8668-980B-4CED-BCDF-44BCA8D19776}.Debug|Any CPU.Build.0 = Debug|Any CPU
		{1DEC8668-980B-4CED-BCDF-44BCA8D19776}.Release|Any CPU.ActiveCfg = Release|Any CPU
		{1DEC8668-980B-4CED-BCDF-44BCA8D19776}.Release|Any CPU.Build.0 = Release|Any CPU
	EndGlobalSection
	GlobalSection(SolutionProperties) = preSolution
		HideSolutionNode = FALSE
	EndGlobalSection
	GlobalSection(ExtensibilityGlobals) = postSolution
		SolutionGuid = {A5756A3A-DBC0-40CF-A9F3-9CD1E3287733}
	EndGlobalSection
EndGlobal
